
Microsoft Visual Studio Solution File, Format Version 12.00
# Visual Studio Version 17
VisualStudioVersion = 17.2.32630.192
MinimumVisualStudioVersion = 10.0.40219.1
Project("{FAE04EC0-301F-11D3-BF4B-00C04F79EFBC}") = "DonetInstall", "DonetInstall.csproj", "{B6CACEFC-F7E0-4D4D-94AB-E1F89B6DA018}"
EndProject
Global
	GlobalSection(SolutionConfigurationPlatforms) = preSolution
		Debug|Any CPU = Debug|Any CPU
		Release|Any CPU = Release|Any CPU
	EndGlobalSection
	GlobalSection(ProjectConfigurationPlatforms) = postSolution
		{B6CACEFC-F7E0-4D4D-94AB-E1F89B6DA018}.Debug|Any CPU.ActiveCfg = Debug|Any CPU
		{B6CACEFC-F7E0-4D4D-94AB-E1F89B6DA018}.Debug|Any CPU.Build.0 = Debug|Any CPU
		{B6CACEFC-F7E0-4D4D-94AB-E1F89B6DA018}.Release|Any CPU.ActiveCfg = Release|Any CPU
		{B6CACEFC-F7E0-4D4D-94AB-E1F89B6DA018}.Release|Any CPU.Build.0 = Release|Any CPU
	EndGlobalSection
	GlobalSection(SolutionProperties) = preSolution
		HideSolutionNode = FALSE
	EndGlobalSection
	GlobalSection(ExtensibilityGlobals) = postSolution
		SolutionGuid = {8A7A014B-207C-4E52-B878-347404D13E45}
	EndGlobalSection
EndGlobal
